
Microsoft Visual Studio Solution File, Format Version 12.00
# Visual Studio Version 16
VisualStudioVersion = 16.0.32106.194
MinimumVisualStudioVersion = 10.0.40219.1
Project("{FAE04EC0-301F-11D3-BF4B-00C04F79EFBC}") = "Aula2POO", "Aula2POO\Aula2POO.csproj", "{ABE60942-B371-44DB-8347-63624356424F}"
EndProject
Global
	GlobalSection(SolutionConfigurationPlatforms) = preSolution
		Debug|Any CPU = Debug|Any CPU
		Release|Any CPU = Release|Any CPU
	EndGlobalSection
	GlobalSection(ProjectConfigurationPlatforms) = postSolution
		{ABE60942-B371-44DB-8347-63624356424F}.Debug|Any CPU.ActiveCfg = Debug|Any CPU
		{ABE60942-B371-44DB-8347-63624356424F}.Debug|Any CPU.Build.0 = Debug|Any CPU
		{ABE60942-B371-44DB-8347-63624356424F}.Release|Any CPU.ActiveCfg = Release|Any CPU
		{ABE60942-B371-44DB-8347-63624356424F}.Release|Any CPU.Build.0 = Release|Any CPU
	EndGlobalSection
	GlobalSection(SolutionProperties) = preSolution
		HideSolutionNode = FALSE
	EndGlobalSection
	GlobalSection(ExtensibilityGlobals) = postSolution
		SolutionGuid = {8460B802-DBC5-4AA0-9583-804B49DE3807}
	EndGlobalSection
EndGlobal
